
Microsoft Visual Studio Solution File, Format Version 12.00
# Visual Studio Version 17
VisualStudioVersion = 17.7.34221.43
MinimumVisualStudioVersion = 10.0.40219.1
Project("{9A19103F-16F7-4668-BE54-9A1E7A4F7556}") = "WebChatClient", "WebChatClient\WebChatClient.csproj", "{942620E2-E3A4-43F4-BE38-D668DE2D24DF}"
EndProject
Global
	GlobalSection(SolutionConfigurationPlatforms) = preSolution
		Debug|Any CPU = Debug|Any CPU
		Release|Any CPU = Release|Any CPU
	EndGlobalSection
	GlobalSection(ProjectConfigurationPlatforms) = postSolution
		{942620E2-E3A4-43F4-BE38-D668DE2D24DF}.Debug|Any CPU.ActiveCfg = Debug|Any CPU
		{942620E2-E3A4-43F4-BE38-D668DE2D24DF}.Debug|Any CPU.Build.0 = Debug|Any CPU
		{942620E2-E3A4-43F4-BE38-D668DE2D24DF}.Release|Any CPU.ActiveCfg = Release|Any CPU
		{942620E2-E3A4-43F4-BE38-D668DE2D24DF}.Release|Any CPU.Build.0 = Release|Any CPU
	EndGlobalSection
	GlobalSection(SolutionProperties) = preSolution
		HideSolutionNode = FALSE
	EndGlobalSection
	GlobalSection(ExtensibilityGlobals) = postSolution
		SolutionGuid = {97CB6296-C5A8-4DE1-BEF1-56FB8B731040}
	EndGlobalSection
EndGlobal
